
Microsoft Visual Studio Solution File, Format Version 12.00
# Visual Studio Version 17
VisualStudioVersion = 17.6.33801.468
MinimumVisualStudioVersion = 10.0.40219.1
Project("{FAE04EC0-301F-11D3-BF4B-00C04F79EFBC}") = "WebApiDemo_Car", "WebApiDemo_Car.csproj", "{605363FD-BE31-4244-BCC9-2C3740CF10B3}"
EndProject
Global
	GlobalSection(SolutionConfigurationPlatforms) = preSolution
		Debug|Any CPU = Debug|Any CPU
		Release|Any CPU = Release|Any CPU
	EndGlobalSection
	GlobalSection(ProjectConfigurationPlatforms) = postSolution
		{605363FD-BE31-4244-BCC9-2C3740CF10B3}.Debug|Any CPU.ActiveCfg = Debug|Any CPU
		{605363FD-BE31-4244-BCC9-2C3740CF10B3}.Debug|Any CPU.Build.0 = Debug|Any CPU
		{605363FD-BE31-4244-BCC9-2C3740CF10B3}.Release|Any CPU.ActiveCfg = Release|Any CPU
		{605363FD-BE31-4244-BCC9-2C3740CF10B3}.Release|Any CPU.Build.0 = Release|Any CPU
	EndGlobalSection
	GlobalSection(SolutionProperties) = preSolution
		HideSolutionNode = FALSE
	EndGlobalSection
	GlobalSection(ExtensibilityGlobals) = postSolution
		SolutionGuid = {EAF18C19-E887-42DA-95B3-B888D6B5085A}
	EndGlobalSection
EndGlobal
